
Microsoft Visual Studio Solution File, Format Version 12.00
# Visual Studio Version 17
VisualStudioVersion = 17.4.33213.308
MinimumVisualStudioVersion = 10.0.40219.1
Project("{9A19103F-16F7-4668-BE54-9A1E7A4F7556}") = "Loan.Domain", "src\Loan.Domain\Loan.Domain.csproj", "{2ACE1B3E-371E-4437-9055-AC7480DB20CA}"
EndProject
Project("{9A19103F-16F7-4668-BE54-9A1E7A4F7556}") = "Loan", "src\Loan\Loan.csproj", "{3C4F045F-254F-491B-8288-87E81793B010}"
EndProject
Project("{9A19103F-16F7-4668-BE54-9A1E7A4F7556}") = "Loan.Domain.Test", "tests\Loan.Domain.Test\Loan.Domain.Test.csproj", "{0C068611-C9A4-467D-A338-F52E61339D46}"
EndProject
Project("{2150E333-8FDC-42A3-9474-1A3956D46DE8}") = "01-Domain", "01-Domain", "{689C6915-5AD8-445B-BAD5-883FDB9DC591}"
EndProject
Project("{2150E333-8FDC-42A3-9474-1A3956D46DE8}") = "02-Application", "02-Application", "{37F0E883-17ED-4364-A074-14941D42AC65}"
EndProject
Project("{2150E333-8FDC-42A3-9474-1A3956D46DE8}") = "00-core", "00-core", "{4586FE74-9C73-451B-A876-5BB332B1BAA0}"
EndProject
Project("{2150E333-8FDC-42A3-9474-1A3956D46DE8}") = "03-Tests", "03-Tests", "{B8FBBC75-2134-400E-9F6D-CFE6C78003EB}"
EndProject
Project("{9A19103F-16F7-4668-BE54-9A1E7A4F7556}") = "Loan.Domain.Repository", "src\Loan.Domain.Repository\Loan.Domain.Repository.csproj", "{FBB9F3D7-5677-4281-AE63-BD972614C249}"
EndProject
Project("{9A19103F-16F7-4668-BE54-9A1E7A4F7556}") = "Loan.Service.WebApi.Test", "tests\Loan.Service.WebApi.Test\Loan.Service.WebApi.Test.csproj", "{3A44C946-A04A-468A-9A65-097491C36D4E}"
EndProject
Project("{9A19103F-16F7-4668-BE54-9A1E7A4F7556}") = "Loan.Service.Api", "src\Loan.Service.Api\Loan.Service.Api.csproj", "{B06CD7BD-2ED3-432F-BA42-481A6445DAF0}"
EndProject
Project("{2150E333-8FDC-42A3-9474-1A3956D46DE8}") = "Solution Items", "Solution Items", "{473AF9E8-6CD9-4381-A2A2-2EC53ADC3BF2}"
	ProjectSection(SolutionItems) = preProject
		docs\README.md = docs\README.md
		docs\setup.md = docs\setup.md
	EndProjectSection
EndProject
Global
	GlobalSection(SolutionConfigurationPlatforms) = preSolution
		Debug|Any CPU = Debug|Any CPU
		Release|Any CPU = Release|Any CPU
	EndGlobalSection
	GlobalSection(ProjectConfigurationPlatforms) = postSolution
		{2ACE1B3E-371E-4437-9055-AC7480DB20CA}.Debug|Any CPU.ActiveCfg = Debug|Any CPU
		{2ACE1B3E-371E-4437-9055-AC7480DB20CA}.Debug|Any CPU.Build.0 = Debug|Any CPU
		{2ACE1B3E-371E-4437-9055-AC7480DB20CA}.Release|Any CPU.ActiveCfg = Release|Any CPU
		{2ACE1B3E-371E-4437-9055-AC7480DB20CA}.Release|Any CPU.Build.0 = Release|Any CPU
		{3C4F045F-254F-491B-8288-87E81793B010}.Debug|Any CPU.ActiveCfg = Debug|Any CPU
		{3C4F045F-254F-491B-8288-87E81793B010}.Debug|Any CPU.Build.0 = Debug|Any CPU
		{3C4F045F-254F-491B-8288-87E81793B010}.Release|Any CPU.ActiveCfg = Release|Any CPU
		{3C4F045F-254F-491B-8288-87E81793B010}.Release|Any CPU.Build.0 = Release|Any CPU
		{0C068611-C9A4-467D-A338-F52E61339D46}.Debug|Any CPU.ActiveCfg = Debug|Any CPU
		{0C068611-C9A4-467D-A338-F52E61339D46}.Debug|Any CPU.Build.0 = Debug|Any CPU
		{0C068611-C9A4-467D-A338-F52E61339D46}.Release|Any CPU.ActiveCfg = Release|Any CPU
		{0C068611-C9A4-467D-A338-F52E61339D46}.Release|Any CPU.Build.0 = Release|Any CPU
		{FBB9F3D7-5677-4281-AE63-BD972614C249}.Debug|Any CPU.ActiveCfg = Debug|Any CPU
		{FBB9F3D7-5677-4281-AE63-BD972614C249}.Debug|Any CPU.Build.0 = Debug|Any CPU
		{FBB9F3D7-5677-4281-AE63-BD972614C249}.Release|Any CPU.ActiveCfg = Release|Any CPU
		{FBB9F3D7-5677-4281-AE63-BD972614C249}.Release|Any CPU.Build.0 = Release|Any CPU
		{3A44C946-A04A-468A-9A65-097491C36D4E}.Debug|Any CPU.ActiveCfg = Debug|Any CPU
		{3A44C946-A04A-468A-9A65-097491C36D4E}.Debug|Any CPU.Build.0 = Debug|Any CPU
		{3A44C946-A04A-468A-9A65-097491C36D4E}.Release|Any CPU.ActiveCfg = Release|Any CPU
		{3A44C946-A04A-468A-9A65-097491C36D4E}.Release|Any CPU.Build.0 = Release|Any CPU
		{B06CD7BD-2ED3-432F-BA42-481A6445DAF0}.Debug|Any CPU.ActiveCfg = Debug|Any CPU
		{B06CD7BD-2ED3-432F-BA42-481A6445DAF0}.Debug|Any CPU.Build.0 = Debug|Any CPU
		{B06CD7BD-2ED3-432F-BA42-481A6445DAF0}.Release|Any CPU.ActiveCfg = Release|Any CPU
		{B06CD7BD-2ED3-432F-BA42-481A6445DAF0}.Release|Any CPU.Build.0 = Release|Any CPU
	EndGlobalSection
	GlobalSection(SolutionProperties) = preSolution
		HideSolutionNode = FALSE
	EndGlobalSection
	GlobalSection(NestedProjects) = preSolution
		{2ACE1B3E-371E-4437-9055-AC7480DB20CA} = {689C6915-5AD8-445B-BAD5-883FDB9DC591}
		{3C4F045F-254F-491B-8288-87E81793B010} = {4586FE74-9C73-451B-A876-5BB332B1BAA0}
		{0C068611-C9A4-467D-A338-F52E61339D46} = {B8FBBC75-2134-400E-9F6D-CFE6C78003EB}
		{FBB9F3D7-5677-4281-AE63-BD972614C249} = {689C6915-5AD8-445B-BAD5-883FDB9DC591}
		{3A44C946-A04A-468A-9A65-097491C36D4E} = {B8FBBC75-2134-400E-9F6D-CFE6C78003EB}
		{B06CD7BD-2ED3-432F-BA42-481A6445DAF0} = {37F0E883-17ED-4364-A074-14941D42AC65}
	EndGlobalSection
	GlobalSection(ExtensibilityGlobals) = postSolution
		SolutionGuid = {B5282362-7A3B-4111-830F-50C341BB33FA}
	EndGlobalSection
EndGlobal
